
Microsoft Visual Studio Solution File, Format Version 12.00
# Visual Studio Version 17
VisualStudioVersion = 17.0.31903.59
MinimumVisualStudioVersion = 10.0.40219.1
Project("{2150E333-8FDC-42A3-9474-1A3956D46DE8}") = "src", "src", "{9A1710F9-4E74-42C1-8FB7-529A20C2B56C}"
EndProject
Project("{FAE04EC0-301F-11D3-BF4B-00C04F79EFBC}") = "BBE.Birthdate", "src\BBE.Birthdate\BBE.Birthdate.csproj", "{ACCBE02B-F12E-491E-9D3F-377464C1E630}"
EndProject
Global
	GlobalSection(SolutionConfigurationPlatforms) = preSolution
		Debug|Any CPU = Debug|Any CPU
		Release|Any CPU = Release|Any CPU
	EndGlobalSection
	GlobalSection(SolutionProperties) = preSolution
		HideSolutionNode = FALSE
	EndGlobalSection
	GlobalSection(ProjectConfigurationPlatforms) = postSolution
		{ACCBE02B-F12E-491E-9D3F-377464C1E630}.Debug|Any CPU.ActiveCfg = Debug|Any CPU
		{ACCBE02B-F12E-491E-9D3F-377464C1E630}.Debug|Any CPU.Build.0 = Debug|Any CPU
		{ACCBE02B-F12E-491E-9D3F-377464C1E630}.Release|Any CPU.ActiveCfg = Release|Any CPU
		{ACCBE02B-F12E-491E-9D3F-377464C1E630}.Release|Any CPU.Build.0 = Release|Any CPU
	EndGlobalSection
	GlobalSection(NestedProjects) = preSolution
		{ACCBE02B-F12E-491E-9D3F-377464C1E630} = {9A1710F9-4E74-42C1-8FB7-529A20C2B56C}
	EndGlobalSection
EndGlobal
